
Microsoft Visual Studio Solution File, Format Version 12.00
# Visual Studio Version 17
VisualStudioVersion = 17.5.33424.131
MinimumVisualStudioVersion = 10.0.40219.1
Project("{FAE04EC0-301F-11D3-BF4B-00C04F79EFBC}") = "Novellaoop", "Novellaoop\Novellaoop.csproj", "{208FDC51-AA36-4D64-80F6-7044504BCA07}"
EndProject
Global
	GlobalSection(SolutionConfigurationPlatforms) = preSolution
		Debug|Any CPU = Debug|Any CPU
		Release|Any CPU = Release|Any CPU
	EndGlobalSection
	GlobalSection(ProjectConfigurationPlatforms) = postSolution
		{208FDC51-AA36-4D64-80F6-7044504BCA07}.Debug|Any CPU.ActiveCfg = Debug|Any CPU
		{208FDC51-AA36-4D64-80F6-7044504BCA07}.Debug|Any CPU.Build.0 = Debug|Any CPU
		{208FDC51-AA36-4D64-80F6-7044504BCA07}.Release|Any CPU.ActiveCfg = Release|Any CPU
		{208FDC51-AA36-4D64-80F6-7044504BCA07}.Release|Any CPU.Build.0 = Release|Any CPU
	EndGlobalSection
	GlobalSection(SolutionProperties) = preSolution
		HideSolutionNode = FALSE
	EndGlobalSection
	GlobalSection(ExtensibilityGlobals) = postSolution
		SolutionGuid = {73C17E1D-5A4D-4BA1-A392-E9AEBB023AFC}
	EndGlobalSection
EndGlobal
